
Microsoft Visual Studio Solution File, Format Version 12.00
# Visual Studio Version 17
VisualStudioVersion = 17.1.32210.238
MinimumVisualStudioVersion = 10.0.40219.1
Project("{FAE04EC0-301F-11D3-BF4B-00C04F79EFBC}") = "CodeCamp", "CodeCamp\CodeCamp.csproj", "{A8C0FD4E-D5BA-4EC5-A5D6-8762B55D2DDB}"
EndProject
Global
	GlobalSection(SolutionConfigurationPlatforms) = preSolution
		Debug|Any CPU = Debug|Any CPU
		Release|Any CPU = Release|Any CPU
	EndGlobalSection
	GlobalSection(ProjectConfigurationPlatforms) = postSolution
		{A8C0FD4E-D5BA-4EC5-A5D6-8762B55D2DDB}.Debug|Any CPU.ActiveCfg = Debug|Any CPU
		{A8C0FD4E-D5BA-4EC5-A5D6-8762B55D2DDB}.Debug|Any CPU.Build.0 = Debug|Any CPU
		{A8C0FD4E-D5BA-4EC5-A5D6-8762B55D2DDB}.Release|Any CPU.ActiveCfg = Release|Any CPU
		{A8C0FD4E-D5BA-4EC5-A5D6-8762B55D2DDB}.Release|Any CPU.Build.0 = Release|Any CPU
	EndGlobalSection
	GlobalSection(SolutionProperties) = preSolution
		HideSolutionNode = FALSE
	EndGlobalSection
	GlobalSection(ExtensibilityGlobals) = postSolution
		SolutionGuid = {F070A910-825B-4420-AAE1-DBDC0E04494A}
	EndGlobalSection
EndGlobal
